
Microsoft Visual Studio Solution File, Format Version 12.00
# Visual Studio Version 16
VisualStudioVersion = 16.0.29911.84
MinimumVisualStudioVersion = 10.0.40219.1
Project("{9A19103F-16F7-4668-BE54-9A1E7A4F7556}") = "Car Model", "Car Model\Car Model.csproj", "{A4AD3EA6-DBD1-427C-8C9F-647CC0E1F969}"
EndProject
Global
	GlobalSection(SolutionConfigurationPlatforms) = preSolution
		Debug|Any CPU = Debug|Any CPU
		Release|Any CPU = Release|Any CPU
	EndGlobalSection
	GlobalSection(ProjectConfigurationPlatforms) = postSolution
		{A4AD3EA6-DBD1-427C-8C9F-647CC0E1F969}.Debug|Any CPU.ActiveCfg = Debug|Any CPU
		{A4AD3EA6-DBD1-427C-8C9F-647CC0E1F969}.Debug|Any CPU.Build.0 = Debug|Any CPU
		{A4AD3EA6-DBD1-427C-8C9F-647CC0E1F969}.Release|Any CPU.ActiveCfg = Release|Any CPU
		{A4AD3EA6-DBD1-427C-8C9F-647CC0E1F969}.Release|Any CPU.Build.0 = Release|Any CPU
	EndGlobalSection
	GlobalSection(SolutionProperties) = preSolution
		HideSolutionNode = FALSE
	EndGlobalSection
	GlobalSection(ExtensibilityGlobals) = postSolution
		SolutionGuid = {8CB226F8-DAE0-40C7-A4C2-C7C73477C80E}
	EndGlobalSection
EndGlobal
